hash: 7b761285009a48f4a4a6750169210f35ff27560414bff9418594ae8f26c1fcf3
updated: 2018-01-26T13:17:10.340334+02:00
imports:
- name: github.com/nustiueudinastea/protoslib-go
  version: 9789226f9721e3468dd29e86ffea9955db469455
- name: github.com/Sirupsen/logrus
  version: d682213848ed68c0a260ca37d6dd5ace8423f5ba
- name: github.com/urfave/cli
  version: 75104e932ac2ddb944a6ea19d9f9f26316ff1145
- name: github.com/xenolf/lego
  version: 67c86d860a797ce2483f50d9174d4ed24984bef2
- name: golang.org/x/crypto
  version: bd6f299fb381e4c3393d1c4b1f0b94f5e77650c8
  subpackages:
  - ssh/terminal
- name: golang.org/x/sys
  version: 95c6576299259db960f6c5b9b69ea52422860fce
  subpackages:
  - unix
  - windows
testImports: []
