# This file is autogenerated, do not edit; changes may be undone by the next 'dep ensure'.


[[projects]]
  name = "github.com/asdine/storm"
  packages = [
    ".",
    "codec",
    "codec/gob",
    "codec/json",
    "index",
    "internal",
    "q"
  ]
  revision = "68fc73b635f890fe7ba2f3b15ce80c85b28a744f"
  version = "v2.0.2"

[[projects]]
  branch = "master"
  name = "github.com/cnf/structhash"
  packages = ["."]
  revision = "62a607eb02243845670f25a61cbc2d394c1ede10"

[[projects]]
  name = "github.com/coreos/bbolt"
  packages = ["."]
  revision = "583e8937c61f1af6513608ccc75c97b6abdf4ff9"
  version = "v1.3.0"

[[projects]]
  name = "github.com/miekg/dns"
  packages = ["."]
  revision = "5364553f1ee9cddc7ac8b62dce148309c386695b"
  version = "v1.0.4"

[[projects]]
  branch = "master"
  name = "github.com/mitchellh/mapstructure"
  packages = ["."]
  revision = "00c29f56e2386353d58c599509e8dc3801b0d716"

[[projects]]
  branch = "master"
  name = "github.com/nustiueudinastea/protos"
  packages = [
    "config",
    "database",
    "resource",
    "util"
  ]
  revision = "cd732a0357b1d90f42a91d76ded9d5cbd3d7d08f"

[[projects]]
  branch = "master"
  name = "github.com/nustiueudinastea/protoslib-go"
  packages = ["."]
  revision = "550891bc2fdd743931fca96e7c915fd6d5262821"

[[projects]]
  name = "github.com/sirupsen/logrus"
  packages = ["."]
  revision = "d682213848ed68c0a260ca37d6dd5ace8423f5ba"
  version = "v1.0.4"

[[projects]]
  name = "github.com/urfave/cli"
  packages = ["."]
  revision = "cfb38830724cc34fedffe9a2a29fb54fa9169cd1"
  version = "v1.20.0"

[[projects]]
  name = "github.com/xenolf/lego"
  packages = ["acme"]
  revision = "67c86d860a797ce2483f50d9174d4ed24984bef2"
  version = "v0.4.1"

[[projects]]
  branch = "master"
  name = "golang.org/x/crypto"
  packages = [
    "ed25519",
    "ed25519/internal/edwards25519",
    "ocsp",
    "ssh/terminal"
  ]
  revision = "91a49db82a88618983a78a06c1cbd4e00ab749ab"

[[projects]]
  branch = "master"
  name = "golang.org/x/net"
  packages = [
    "bpf",
    "idna",
    "internal/iana",
    "internal/socket",
    "ipv4",
    "ipv6",
    "publicsuffix"
  ]
  revision = "cbe0f9307d0156177f9dd5dc85da1a31abc5f2fb"

[[projects]]
  branch = "master"
  name = "golang.org/x/sys"
  packages = [
    "unix",
    "windows"
  ]
  revision = "f6cff0780e542efa0c8e864dc8fa522808f6a598"

[[projects]]
  name = "golang.org/x/text"
  packages = [
    "collate",
    "collate/build",
    "internal/colltab",
    "internal/gen",
    "internal/tag",
    "internal/triegen",
    "internal/ucd",
    "language",
    "secure/bidirule",
    "transform",
    "unicode/bidi",
    "unicode/cldr",
    "unicode/norm",
    "unicode/rangetable"
  ]
  revision = "f21a4dfb5e38f5895301dc265a8def02365cc3d0"
  version = "v0.3.0"

[[projects]]
  name = "gopkg.in/square/go-jose.v1"
  packages = [
    ".",
    "cipher",
    "json"
  ]
  revision = "aa2e30fdd1fe9dd3394119af66451ae790d50e0d"
  version = "v1.1.0"

[[projects]]
  name = "gopkg.in/yaml.v2"
  packages = ["."]
  revision = "7f97868eec74b32b0982dd158a51a446d1da7eb5"
  version = "v2.1.1"

[solve-meta]
  analyzer-name = "dep"
  analyzer-version = 1
  inputs-digest = "df2dfb3c6ef5b1a2e84c64fbc463a4e4ff2e8b91ae03a138ad99013058a53a52"
  solver-name = "gps-cdcl"
  solver-version = 1
